
Microsoft Visual Studio Solution File, Format Version 12.00
# Visual Studio Version 17
VisualStudioVersion = 17.5.002.0
MinimumVisualStudioVersion = 10.0.40219.1
Project("{2150E333-8FDC-42A3-9474-1A3956D46DE8}") = "Finished", "Finished", "{84FDB76A-45A1-4E8F-A74C-7231A7EDE990}"
EndProject
Project("{2150E333-8FDC-42A3-9474-1A3956D46DE8}") = "Classes", "Classes", "{04A87F97-D26F-4A9F-B507-FAFBB1D358A0}"
EndProject
Project("{9A19103F-16F7-4668-BE54-9A1E7A4F7556}") = "Defining", "Finished\Classes\Defining\Defining.csproj", "{E04ECEAF-F332-45CC-B5FB-26234628AE1F}"
EndProject
Project("{9A19103F-16F7-4668-BE54-9A1E7A4F7556}") = "Inheritance", "Finished\Classes\Inheritance\Inheritance.csproj", "{1FDA3828-E02A-413E-AF5F-2CF2A20365CD}"
EndProject
Project("{9A19103F-16F7-4668-BE54-9A1E7A4F7556}") = "Modifiers", "Finished\Classes\Modifiers\Modifiers.csproj", "{4CD9090F-2521-4328-A3A6-7AF09085E434}"
EndProject
Project("{9A19103F-16F7-4668-BE54-9A1E7A4F7556}") = "Properties", "Finished\Classes\Properties\Properties.csproj", "{3CAD4F02-C02A-4E6E-A1B2-BB83D9B4D436}"
EndProject
Project("{9A19103F-16F7-4668-BE54-9A1E7A4F7556}") = "StringRep", "Finished\Classes\StringRep\StringRep.csproj", "{DF8393D3-ACB3-42FD-83DD-6572E0E4029D}"
EndProject
Project("{2150E333-8FDC-42A3-9474-1A3956D46DE8}") = "Functions", "Functions", "{A25A7722-D5F6-4534-91B2-902FC0D76788}"
EndProject
Project("{9A19103F-16F7-4668-BE54-9A1E7A4F7556}") = "Basics", "Finished\Functions\Basics\Basics.csproj", "{E448404C-8AA9-431B-B350-6C7589CFB94D}"
EndProject
Project("{9A19103F-16F7-4668-BE54-9A1E7A4F7556}") = "Params", "Finished\Functions\DefaultParams\Params.csproj", "{8BFC5E03-0EBC-4F84-A6F8-617D010C301B}"
EndProject
Project("{9A19103F-16F7-4668-BE54-9A1E7A4F7556}") = "MultiValues", "Finished\Functions\MultiValues\MultiValues.csproj", "{B1B80B9F-2C77-4C67-840D-5AC3B5483DA3}"
EndProject
Project("{9A19103F-16F7-4668-BE54-9A1E7A4F7556}") = "RefAndOut", "Finished\Functions\RefAndOutParams\RefAndOut.csproj", "{A9025B44-219B-45F5-A70E-865A4DD33C20}"
EndProject
Project("{2150E333-8FDC-42A3-9474-1A3956D46DE8}") = "Overview", "Overview", "{BDECFE4F-9437-4F25-9A64-665614507D2C}"
EndProject
Project("{9A19103F-16F7-4668-BE54-9A1E7A4F7556}") = "Comments", "Finished\Overview\Comments\Comments.csproj", "{0A9F224E-DB4A-4A71-A3EF-63E0CF23E7CE}"
EndProject
Project("{9A19103F-16F7-4668-BE54-9A1E7A4F7556}") = "HelloWorld", "Finished\Overview\HelloWorld\HelloWorld.csproj", "{8A996D12-C8B6-4D82-9E2D-C127CCB20A4E}"
EndProject
Project("{9A19103F-16F7-4668-BE54-9A1E7A4F7556}") = "Operators", "Finished\Overview\Operators\Operators.csproj", "{79A6411A-E92F-4577-B71B-094DD3B7FC54}"
EndProject
Project("{9A19103F-16F7-4668-BE54-9A1E7A4F7556}") = "VarsAndData", "Finished\Overview\VarsAndData\VarsAndData.csproj", "{FF2AE025-8542-4F19-852B-7EC6142A2BC3}"
EndProject
Project("{2150E333-8FDC-42A3-9474-1A3956D46DE8}") = "Program Flow", "Program Flow", "{FBB70B80-D48D-4BBB-95B2-B68305DAED80}"
EndProject
Project("{9A19103F-16F7-4668-BE54-9A1E7A4F7556}") = "BreakContinue", "Finished\Program Flow\BreakContinue\BreakContinue.csproj", "{7E541129-2F06-4D7B-AA71-7C6A55042843}"
EndProject
Project("{9A19103F-16F7-4668-BE54-9A1E7A4F7556}") = "Conditionals", "Finished\Program Flow\Conditional-if\Conditionals.csproj", "{901C6417-188E-4879-8F35-9672DC7A6AC8}"
EndProject
Project("{9A19103F-16F7-4668-BE54-9A1E7A4F7556}") = "ConditionalOps", "Finished\Program Flow\Conditional-switch\ConditionalOps.csproj", "{2A1957B6-6E75-4A04-A5CC-6B4BB536D174}"
EndProject
Project("{9A19103F-16F7-4668-BE54-9A1E7A4F7556}") = "Exceptions", "Finished\Program Flow\Exceptions\Exceptions.csproj", "{42DCF451-BB5A-43B7-89EA-60F4302197BC}"
EndProject
Project("{9A19103F-16F7-4668-BE54-9A1E7A4F7556}") = "ForLoops", "Finished\Program Flow\ForLoops\ForLoops.csproj", "{D3924C04-0735-4842-BDAB-0460CECC9BB8}"
EndProject
Project("{9A19103F-16F7-4668-BE54-9A1E7A4F7556}") = "WhileLoops", "Finished\Program Flow\WhileLoops\WhileLoops.csproj", "{81E930F3-3AA1-4BE3-B289-C2C7679D06CA}"
EndProject
Project("{2150E333-8FDC-42A3-9474-1A3956D46DE8}") = "Strings", "Strings", "{75E966F0-50F9-480D-A6BE-3F9CD2ACB934}"
EndProject
Project("{9A19103F-16F7-4668-BE54-9A1E7A4F7556}") = "Builder", "Finished\Strings\Builder\Builder.csproj", "{A936515C-750C-4D5A-AC81-FF28A24495A7}"
EndProject
Project("{9A19103F-16F7-4668-BE54-9A1E7A4F7556}") = "Formatting", "Finished\Strings\Formatting\Formatting.csproj", "{EA7D1B90-FE88-4BB3-9534-5AEBCBC1A76F}"
EndProject
Project("{9A19103F-16F7-4668-BE54-9A1E7A4F7556}") = "Strings", "Finished\Strings\Interpolation\Strings.csproj", "{37A5C4C5-EB2E-4C29-962B-467BE4FFA4E4}"
EndProject
Project("{9A19103F-16F7-4668-BE54-9A1E7A4F7556}") = "Operations", "Finished\Strings\Operations\Operations.csproj", "{7AF09D14-7B22-4F7E-9D8D-9F6BC1BEC211}"
EndProject
Project("{9A19103F-16F7-4668-BE54-9A1E7A4F7556}") = "Parsing", "Finished\Strings\Parsing\Parsing.csproj", "{C2D10D4F-E452-4561-A616-E58DD0B3BF53}"
EndProject
Project("{2150E333-8FDC-42A3-9474-1A3956D46DE8}") = "Start", "Start", "{099D37AC-B7AE-4652-8DFB-5011A160E9B1}"
EndProject
Project("{2150E333-8FDC-42A3-9474-1A3956D46DE8}") = "Classes", "Classes", "{8C93573F-6D19-4891-BB29-349A442BAB6F}"
EndProject
Project("{9A19103F-16F7-4668-BE54-9A1E7A4F7556}") = "Defining", "Start\Classes\Defining\Defining.csproj", "{E7D4CFAE-5CC7-48EA-8AE8-34764F6A1615}"
EndProject
Project("{9A19103F-16F7-4668-BE54-9A1E7A4F7556}") = "Inheritance", "Start\Classes\Inheritance\Inheritance.csproj", "{FC409EE9-DE37-41B5-82EE-D62D3F349FB1}"
EndProject
Project("{9A19103F-16F7-4668-BE54-9A1E7A4F7556}") = "Modifiers", "Start\Classes\Modifiers\Modifiers.csproj", "{0686A192-836F-45BC-A87D-41DDB955BA3A}"
EndProject
Project("{9A19103F-16F7-4668-BE54-9A1E7A4F7556}") = "Properties", "Start\Classes\Properties\Properties.csproj", "{A01AE834-9365-4FA9-ACB2-57E9FAC5AF6D}"
EndProject
Project("{9A19103F-16F7-4668-BE54-9A1E7A4F7556}") = "StringRep", "Start\Classes\StringRep\StringRep.csproj", "{AE7E3B2C-7E69-4B3A-8431-381A8273BA38}"
EndProject
Project("{2150E333-8FDC-42A3-9474-1A3956D46DE8}") = "Functions", "Functions", "{E7EBFF61-E391-4318-9955-3D42F341BE53}"
EndProject
Project("{9A19103F-16F7-4668-BE54-9A1E7A4F7556}") = "Basics", "Start\Functions\Basics\Basics.csproj", "{43802FCA-A3DD-47D0-B385-E1644CAF0AF8}"
EndProject
Project("{9A19103F-16F7-4668-BE54-9A1E7A4F7556}") = "Params", "Start\Functions\DefaultParams\Params.csproj", "{36E1A802-DD3C-4152-8465-6EC155E234D5}"
EndProject
Project("{9A19103F-16F7-4668-BE54-9A1E7A4F7556}") = "MultiValues", "Start\Functions\MultiValues\MultiValues.csproj", "{20C45424-545D-45EB-89A5-E01B1BBCCB4A}"
EndProject
Project("{9A19103F-16F7-4668-BE54-9A1E7A4F7556}") = "RefAndOut", "Start\Functions\RefAndOutParams\RefAndOut.csproj", "{B6FE43C9-7E2E-4B0C-8A1C-D3EB015DADC7}"
EndProject
Project("{2150E333-8FDC-42A3-9474-1A3956D46DE8}") = "Overview", "Overview", "{71015DEF-E4C8-4487-AA83-1BABF39B7A63}"
EndProject
Project("{9A19103F-16F7-4668-BE54-9A1E7A4F7556}") = "Comments", "Start\Overview\Comments\Comments.csproj", "{C430EB37-5A42-41E0-BADD-2F4B543E1D1E}"
EndProject
Project("{9A19103F-16F7-4668-BE54-9A1E7A4F7556}") = "Operators", "Start\Overview\Operators\Operators.csproj", "{FB16C920-0800-4EF8-8DDD-3543F1AAAF70}"
EndProject
Project("{9A19103F-16F7-4668-BE54-9A1E7A4F7556}") = "VarsAndData", "Start\Overview\VarsAndData\VarsAndData.csproj", "{B2EA7485-4332-42D5-9308-8FF203508612}"
EndProject
Project("{2150E333-8FDC-42A3-9474-1A3956D46DE8}") = "Program Flow", "Program Flow", "{36DB2187-1680-444E-8C00-CB1229D09B81}"
EndProject
Project("{9A19103F-16F7-4668-BE54-9A1E7A4F7556}") = "BreakContinue", "Start\Program Flow\BreakContinue\BreakContinue.csproj", "{3D0A3512-6854-4DA8-9D63-CA64FB7F4A44}"
EndProject
Project("{9A19103F-16F7-4668-BE54-9A1E7A4F7556}") = "Conditionals", "Start\Program Flow\Conditional-if\Conditionals.csproj", "{8CA563BE-B955-4EAC-BEBD-13C21BA737D3}"
EndProject
Project("{9A19103F-16F7-4668-BE54-9A1E7A4F7556}") = "ConditionalOps", "Start\Program Flow\Conditional-switch\ConditionalOps.csproj", "{8540971F-7BA1-4718-A403-F7C50F9EF540}"
EndProject
Project("{9A19103F-16F7-4668-BE54-9A1E7A4F7556}") = "Exceptions", "Start\Program Flow\Exceptions\Exceptions.csproj", "{A0CA4FAA-3BF0-4169-A7CD-199ABAF512F7}"
EndProject
Project("{9A19103F-16F7-4668-BE54-9A1E7A4F7556}") = "ForLoops", "Start\Program Flow\ForLoops\ForLoops.csproj", "{B3A4AEFE-F0B2-4A2E-A73F-94F66B1C07EF}"
EndProject
Project("{9A19103F-16F7-4668-BE54-9A1E7A4F7556}") = "WhileLoops", "Start\Program Flow\WhileLoops\WhileLoops.csproj", "{50D3A2A2-E04B-4153-8E78-C12F9E886AE5}"
EndProject
Project("{2150E333-8FDC-42A3-9474-1A3956D46DE8}") = "Strings", "Strings", "{8AC78785-0BE0-4EAE-A95B-B737601A69B0}"
EndProject
Project("{9A19103F-16F7-4668-BE54-9A1E7A4F7556}") = "Builder", "Start\Strings\Builder\Builder.csproj", "{F930EFB0-3DA5-4B81-9C21-020BB19B5C72}"
EndProject
Project("{9A19103F-16F7-4668-BE54-9A1E7A4F7556}") = "Formatting", "Start\Strings\Formatting\Formatting.csproj", "{DE2179AB-61F6-4449-949B-9E4BC8F4B223}"
EndProject
Project("{9A19103F-16F7-4668-BE54-9A1E7A4F7556}") = "Strings", "Start\Strings\Interpolation\Strings.csproj", "{45A2D78A-1445-45FA-891A-D6142E1BBC73}"
EndProject
Project("{9A19103F-16F7-4668-BE54-9A1E7A4F7556}") = "Operations", "Start\Strings\Operations\Operations.csproj", "{755B0D2C-C89C-48D8-9406-78D2AE91F996}"
EndProject
Project("{9A19103F-16F7-4668-BE54-9A1E7A4F7556}") = "Parsing", "Start\Strings\Parsing\Parsing.csproj", "{8439E8D3-BD9A-4EA3-A6D7-49A318CA8734}"
EndProject
Global
	GlobalSection(SolutionConfigurationPlatforms) = preSolution
		Debug|Any CPU = Debug|Any CPU
		Release|Any CPU = Release|Any CPU
	EndGlobalSection
	GlobalSection(ProjectConfigurationPlatforms) = postSolution
		{E04ECEAF-F332-45CC-B5FB-26234628AE1F}.Debug|Any CPU.ActiveCfg = Debug|Any CPU
		{E04ECEAF-F332-45CC-B5FB-26234628AE1F}.Debug|Any CPU.Build.0 = Debug|Any CPU
		{E04ECEAF-F332-45CC-B5FB-26234628AE1F}.Release|Any CPU.ActiveCfg = Release|Any CPU
		{E04ECEAF-F332-45CC-B5FB-26234628AE1F}.Release|Any CPU.Build.0 = Release|Any CPU
		{1FDA3828-E02A-413E-AF5F-2CF2A20365CD}.Debug|Any CPU.ActiveCfg = Debug|Any CPU
		{1FDA3828-E02A-413E-AF5F-2CF2A20365CD}.Debug|Any CPU.Build.0 = Debug|Any CPU
		{1FDA3828-E02A-413E-AF5F-2CF2A20365CD}.Release|Any CPU.ActiveCfg = Release|Any CPU
		{1FDA3828-E02A-413E-AF5F-2CF2A20365CD}.Release|Any CPU.Build.0 = Release|Any CPU
		{4CD9090F-2521-4328-A3A6-7AF09085E434}.Debug|Any CPU.ActiveCfg = Debug|Any CPU
		{4CD9090F-2521-4328-A3A6-7AF09085E434}.Debug|Any CPU.Build.0 = Debug|Any CPU
		{4CD9090F-2521-4328-A3A6-7AF09085E434}.Release|Any CPU.ActiveCfg = Release|Any CPU
		{4CD9090F-2521-4328-A3A6-7AF09085E434}.Release|Any CPU.Build.0 = Release|Any CPU
		{3CAD4F02-C02A-4E6E-A1B2-BB83D9B4D436}.Debug|Any CPU.ActiveCfg = Debug|Any CPU
		{3CAD4F02-C02A-4E6E-A1B2-BB83D9B4D436}.Debug|Any CPU.Build.0 = Debug|Any CPU
		{3CAD4F02-C02A-4E6E-A1B2-BB83D9B4D436}.Release|Any CPU.ActiveCfg = Release|Any CPU
		{3CAD4F02-C02A-4E6E-A1B2-BB83D9B4D436}.Release|Any CPU.Build.0 = Release|Any CPU
		{DF8393D3-ACB3-42FD-83DD-6572E0E4029D}.Debug|Any CPU.ActiveCfg = Debug|Any CPU
		{DF8393D3-ACB3-42FD-83DD-6572E0E4029D}.Debug|Any CPU.Build.0 = Debug|Any CPU
		{DF8393D3-ACB3-42FD-83DD-6572E0E4029D}.Release|Any CPU.ActiveCfg = Release|Any CPU
		{DF8393D3-ACB3-42FD-83DD-6572E0E4029D}.Release|Any CPU.Build.0 = Release|Any CPU
		{E448404C-8AA9-431B-B350-6C7589CFB94D}.Debug|Any CPU.ActiveCfg = Debug|Any CPU
		{E448404C-8AA9-431B-B350-6C7589CFB94D}.Debug|Any CPU.Build.0 = Debug|Any CPU
		{E448404C-8AA9-431B-B350-6C7589CFB94D}.Release|Any CPU.ActiveCfg = Release|Any CPU
		{E448404C-8AA9-431B-B350-6C7589CFB94D}.Release|Any CPU.Build.0 = Release|Any CPU
		{8BFC5E03-0EBC-4F84-A6F8-617D010C301B}.Debug|Any CPU.ActiveCfg = Debug|Any CPU
		{8BFC5E03-0EBC-4F84-A6F8-617D010C301B}.Debug|Any CPU.Build.0 = Debug|Any CPU
		{8BFC5E03-0EBC-4F84-A6F8-617D010C301B}.Release|Any CPU.ActiveCfg = Release|Any CPU
		{8BFC5E03-0EBC-4F84-A6F8-617D010C301B}.Release|Any CPU.Build.0 = Release|Any CPU
		{B1B80B9F-2C77-4C67-840D-5AC3B5483DA3}.Debug|Any CPU.ActiveCfg = Debug|Any CPU
		{B1B80B9F-2C77-4C67-840D-5AC3B5483DA3}.Debug|Any CPU.Build.0 = Debug|Any CPU
		{B1B80B9F-2C77-4C67-840D-5AC3B5483DA3}.Release|Any CPU.ActiveCfg = Release|Any CPU
		{B1B80B9F-2C77-4C67-840D-5AC3B5483DA3}.Release|Any CPU.Build.0 = Release|Any CPU
		{A9025B44-219B-45F5-A70E-865A4DD33C20}.Debug|Any CPU.ActiveCfg = Debug|Any CPU
		{A9025B44-219B-45F5-A70E-865A4DD33C20}.Debug|Any CPU.Build.0 = Debug|Any CPU
		{A9025B44-219B-45F5-A70E-865A4DD33C20}.Release|Any CPU.ActiveCfg = Release|Any CPU
		{A9025B44-219B-45F5-A70E-865A4DD33C20}.Release|Any CPU.Build.0 = Release|Any CPU
		{0A9F224E-DB4A-4A71-A3EF-63E0CF23E7CE}.Debug|Any CPU.ActiveCfg = Debug|Any CPU
		{0A9F224E-DB4A-4A71-A3EF-63E0CF23E7CE}.Debug|Any CPU.Build.0 = Debug|Any CPU
		{0A9F224E-DB4A-4A71-A3EF-63E0CF23E7CE}.Release|Any CPU.ActiveCfg = Release|Any CPU
		{0A9F224E-DB4A-4A71-A3EF-63E0CF23E7CE}.Release|Any CPU.Build.0 = Release|Any CPU
		{8A996D12-C8B6-4D82-9E2D-C127CCB20A4E}.Debug|Any CPU.ActiveCfg = Debug|Any CPU
		{8A996D12-C8B6-4D82-9E2D-C127CCB20A4E}.Debug|Any CPU.Build.0 = Debug|Any CPU
		{8A996D12-C8B6-4D82-9E2D-C127CCB20A4E}.Release|Any CPU.ActiveCfg = Release|Any CPU
		{8A996D12-C8B6-4D82-9E2D-C127CCB20A4E}.Release|Any CPU.Build.0 = Release|Any CPU
		{79A6411A-E92F-4577-B71B-094DD3B7FC54}.Debug|Any CPU.ActiveCfg = Debug|Any CPU
		{79A6411A-E92F-4577-B71B-094DD3B7FC54}.Debug|Any CPU.Build.0 = Debug|Any CPU
		{79A6411A-E92F-4577-B71B-094DD3B7FC54}.Release|Any CPU.ActiveCfg = Release|Any CPU
		{79A6411A-E92F-4577-B71B-094DD3B7FC54}.Release|Any CPU.Build.0 = Release|Any CPU
		{FF2AE025-8542-4F19-852B-7EC6142A2BC3}.Debug|Any CPU.ActiveCfg = Debug|Any CPU
		{FF2AE025-8542-4F19-852B-7EC6142A2BC3}.Debug|Any CPU.Build.0 = Debug|Any CPU
		{FF2AE025-8542-4F19-852B-7EC6142A2BC3}.Release|Any CPU.ActiveCfg = Release|Any CPU
		{FF2AE025-8542-4F19-852B-7EC6142A2BC3}.Release|Any CPU.Build.0 = Release|Any CPU
		{7E541129-2F06-4D7B-AA71-7C6A55042843}.Debug|Any CPU.ActiveCfg = Debug|Any CPU
		{7E541129-2F06-4D7B-AA71-7C6A55042843}.Debug|Any CPU.Build.0 = Debug|Any CPU
		{7E541129-2F06-4D7B-AA71-7C6A55042843}.Release|Any CPU.ActiveCfg = Release|Any CPU
		{7E541129-2F06-4D7B-AA71-7C6A55042843}.Release|Any CPU.Build.0 = Release|Any CPU
		{901C6417-188E-4879-8F35-9672DC7A6AC8}.Debug|Any CPU.ActiveCfg = Debug|Any CPU
		{901C6417-188E-4879-8F35-9672DC7A6AC8}.Debug|Any CPU.Build.0 = Debug|Any CPU
		{901C6417-188E-4879-8F35-9672DC7A6AC8}.Release|Any CPU.ActiveCfg = Release|Any CPU
		{901C6417-188E-4879-8F35-9672DC7A6AC8}.Release|Any CPU.Build.0 = Release|Any CPU
		{2A1957B6-6E75-4A04-A5CC-6B4BB536D174}.Debug|Any CPU.ActiveCfg = Debug|Any CPU
		{2A1957B6-6E75-4A04-A5CC-6B4BB536D174}.Debug|Any CPU.Build.0 = Debug|Any CPU
		{2A1957B6-6E75-4A04-A5CC-6B4BB536D174}.Release|Any CPU.ActiveCfg = Release|Any CPU
		{2A1957B6-6E75-4A04-A5CC-6B4BB536D174}.Release|Any CPU.Build.0 = Release|Any CPU
		{42DCF451-BB5A-43B7-89EA-60F4302197BC}.Debug|Any CPU.ActiveCfg = Debug|Any CPU
		{42DCF451-BB5A-43B7-89EA-60F4302197BC}.Debug|Any CPU.Build.0 = Debug|Any CPU
		{42DCF451-BB5A-43B7-89EA-60F4302197BC}.Release|Any CPU.ActiveCfg = Release|Any CPU
		{42DCF451-BB5A-43B7-89EA-60F4302197BC}.Release|Any CPU.Build.0 = Release|Any CPU
		{D3924C04-0735-4842-BDAB-0460CECC9BB8}.Debug|Any CPU.ActiveCfg = Debug|Any CPU
		{D3924C04-0735-4842-BDAB-0460CECC9BB8}.Debug|Any CPU.Build.0 = Debug|Any CPU
		{D3924C04-0735-4842-BDAB-0460CECC9BB8}.Release|Any CPU.ActiveCfg = Release|Any CPU
		{D3924C04-0735-4842-BDAB-0460CECC9BB8}.Release|Any CPU.Build.0 = Release|Any CPU
		{81E930F3-3AA1-4BE3-B289-C2C7679D06CA}.Debug|Any CPU.ActiveCfg = Debug|Any CPU
		{81E930F3-3AA1-4BE3-B289-C2C7679D06CA}.Debug|Any CPU.Build.0 = Debug|Any CPU
		{81E930F3-3AA1-4BE3-B289-C2C7679D06CA}.Release|Any CPU.ActiveCfg = Release|Any CPU
		{81E930F3-3AA1-4BE3-B289-C2C7679D06CA}.Release|Any CPU.Build.0 = Release|Any CPU
		{A936515C-750C-4D5A-AC81-FF28A24495A7}.Debug|Any CPU.ActiveCfg = Debug|Any CPU
		{A936515C-750C-4D5A-AC81-FF28A24495A7}.Debug|Any CPU.Build.0 = Debug|Any CPU
		{A936515C-750C-4D5A-AC81-FF28A24495A7}.Release|Any CPU.ActiveCfg = Release|Any CPU
		{A936515C-750C-4D5A-AC81-FF28A24495A7}.Release|Any CPU.Build.0 = Release|Any CPU
		{EA7D1B90-FE88-4BB3-9534-5AEBCBC1A76F}.Debug|Any CPU.ActiveCfg = Debug|Any CPU
		{EA7D1B90-FE88-4BB3-9534-5AEBCBC1A76F}.Debug|Any CPU.Build.0 = Debug|Any CPU
		{EA7D1B90-FE88-4BB3-9534-5AEBCBC1A76F}.Release|Any CPU.ActiveCfg = Release|Any CPU
		{EA7D1B90-FE88-4BB3-9534-5AEBCBC1A76F}.Release|Any CPU.Build.0 = Release|Any CPU
		{37A5C4C5-EB2E-4C29-962B-467BE4FFA4E4}.Debug|Any CPU.ActiveCfg = Debug|Any CPU
		{37A5C4C5-EB2E-4C29-962B-467BE4FFA4E4}.Debug|Any CPU.Build.0 = Debug|Any CPU
		{37A5C4C5-EB2E-4C29-962B-467BE4FFA4E4}.Release|Any CPU.ActiveCfg = Release|Any CPU
		{37A5C4C5-EB2E-4C29-962B-467BE4FFA4E4}.Release|Any CPU.Build.0 = Release|Any CPU
		{7AF09D14-7B22-4F7E-9D8D-9F6BC1BEC211}.Debug|Any CPU.ActiveCfg = Debug|Any CPU
		{7AF09D14-7B22-4F7E-9D8D-9F6BC1BEC211}.Debug|Any CPU.Build.0 = Debug|Any CPU
		{7AF09D14-7B22-4F7E-9D8D-9F6BC1BEC211}.Release|Any CPU.ActiveCfg = Release|Any CPU
		{7AF09D14-7B22-4F7E-9D8D-9F6BC1BEC211}.Release|Any CPU.Build.0 = Release|Any CPU
		{C2D10D4F-E452-4561-A616-E58DD0B3BF53}.Debug|Any CPU.ActiveCfg = Debug|Any CPU
		{C2D10D4F-E452-4561-A616-E58DD0B3BF53}.Debug|Any CPU.Build.0 = Debug|Any CPU
		{C2D10D4F-E452-4561-A616-E58DD0B3BF53}.Release|Any CPU.ActiveCfg = Release|Any CPU
		{C2D10D4F-E452-4561-A616-E58DD0B3BF53}.Release|Any CPU.Build.0 = Release|Any CPU
		{E7D4CFAE-5CC7-48EA-8AE8-34764F6A1615}.Debug|Any CPU.ActiveCfg = Debug|Any CPU
		{E7D4CFAE-5CC7-48EA-8AE8-34764F6A1615}.Debug|Any CPU.Build.0 = Debug|Any CPU
		{E7D4CFAE-5CC7-48EA-8AE8-34764F6A1615}.Release|Any CPU.ActiveCfg = Release|Any CPU
		{E7D4CFAE-5CC7-48EA-8AE8-34764F6A1615}.Release|Any CPU.Build.0 = Release|Any CPU
		{FC409EE9-DE37-41B5-82EE-D62D3F349FB1}.Debug|Any CPU.ActiveCfg = Debug|Any CPU
		{FC409EE9-DE37-41B5-82EE-D62D3F349FB1}.Debug|Any CPU.Build.0 = Debug|Any CPU
		{FC409EE9-DE37-41B5-82EE-D62D3F349FB1}.Release|Any CPU.ActiveCfg = Release|Any CPU
		{FC409EE9-DE37-41B5-82EE-D62D3F349FB1}.Release|Any CPU.Build.0 = Release|Any CPU
		{0686A192-836F-45BC-A87D-41DDB955BA3A}.Debug|Any CPU.ActiveCfg = Debug|Any CPU
		{0686A192-836F-45BC-A87D-41DDB955BA3A}.Debug|Any CPU.Build.0 = Debug|Any CPU
		{0686A192-836F-45BC-A87D-41DDB955BA3A}.Release|Any CPU.ActiveCfg = Release|Any CPU
		{0686A192-836F-45BC-A87D-41DDB955BA3A}.Release|Any CPU.Build.0 = Release|Any CPU
		{A01AE834-9365-4FA9-ACB2-57E9FAC5AF6D}.Debug|Any CPU.ActiveCfg = Debug|Any CPU
		{A01AE834-9365-4FA9-ACB2-57E9FAC5AF6D}.Debug|Any CPU.Build.0 = Debug|Any CPU
		{A01AE834-9365-4FA9-ACB2-57E9FAC5AF6D}.Release|Any CPU.ActiveCfg = Release|Any CPU
		{A01AE834-9365-4FA9-ACB2-57E9FAC5AF6D}.Release|Any CPU.Build.0 = Release|Any CPU
		{AE7E3B2C-7E69-4B3A-8431-381A8273BA38}.Debug|Any CPU.ActiveCfg = Debug|Any CPU
		{AE7E3B2C-7E69-4B3A-8431-381A8273BA38}.Debug|Any CPU.Build.0 = Debug|Any CPU
		{AE7E3B2C-7E69-4B3A-8431-381A8273BA38}.Release|Any CPU.ActiveCfg = Release|Any CPU
		{AE7E3B2C-7E69-4B3A-8431-381A8273BA38}.Release|Any CPU.Build.0 = Release|Any CPU
		{43802FCA-A3DD-47D0-B385-E1644CAF0AF8}.Debug|Any CPU.ActiveCfg = Debug|Any CPU
		{43802FCA-A3DD-47D0-B385-E1644CAF0AF8}.Debug|Any CPU.Build.0 = Debug|Any CPU
		{43802FCA-A3DD-47D0-B385-E1644CAF0AF8}.Release|Any CPU.ActiveCfg = Release|Any CPU
		{43802FCA-A3DD-47D0-B385-E1644CAF0AF8}.Release|Any CPU.Build.0 = Release|Any CPU
		{36E1A802-DD3C-4152-8465-6EC155E234D5}.Debug|Any CPU.ActiveCfg = Debug|Any CPU
		{36E1A802-DD3C-4152-8465-6EC155E234D5}.Debug|Any CPU.Build.0 = Debug|Any CPU
		{36E1A802-DD3C-4152-8465-6EC155E234D5}.Release|Any CPU.ActiveCfg = Release|Any CPU
		{36E1A802-DD3C-4152-8465-6EC155E234D5}.Release|Any CPU.Build.0 = Release|Any CPU
		{20C45424-545D-45EB-89A5-E01B1BBCCB4A}.Debug|Any CPU.ActiveCfg = Debug|Any CPU
		{20C45424-545D-45EB-89A5-E01B1BBCCB4A}.Debug|Any CPU.Build.0 = Debug|Any CPU
		{20C45424-545D-45EB-89A5-E01B1BBCCB4A}.Release|Any CPU.ActiveCfg = Release|Any CPU
		{20C45424-545D-45EB-89A5-E01B1BBCCB4A}.Release|Any CPU.Build.0 = Release|Any CPU
		{B6FE43C9-7E2E-4B0C-8A1C-D3EB015DADC7}.Debug|Any CPU.ActiveCfg = Debug|Any CPU
		{B6FE43C9-7E2E-4B0C-8A1C-D3EB015DADC7}.Debug|Any CPU.Build.0 = Debug|Any CPU
		{B6FE43C9-7E2E-4B0C-8A1C-D3EB015DADC7}.Release|Any CPU.ActiveCfg = Release|Any CPU
		{B6FE43C9-7E2E-4B0C-8A1C-D3EB015DADC7}.Release|Any CPU.Build.0 = Release|Any CPU
		{C430EB37-5A42-41E0-BADD-2F4B543E1D1E}.Debug|Any CPU.ActiveCfg = Debug|Any CPU
		{C430EB37-5A42-41E0-BADD-2F4B543E1D1E}.Debug|Any CPU.Build.0 = Debug|Any CPU
		{C430EB37-5A42-41E0-BADD-2F4B543E1D1E}.Release|Any CPU.ActiveCfg = Release|Any CPU
		{C430EB37-5A42-41E0-BADD-2F4B543E1D1E}.Release|Any CPU.Build.0 = Release|Any CPU
		{FB16C920-0800-4EF8-8DDD-3543F1AAAF70}.Debug|Any CPU.ActiveCfg = Debug|Any CPU
		{FB16C920-0800-4EF8-8DDD-3543F1AAAF70}.Debug|Any CPU.Build.0 = Debug|Any CPU
		{FB16C920-0800-4EF8-8DDD-3543F1AAAF70}.Release|Any CPU.ActiveCfg = Release|Any CPU
		{FB16C920-0800-4EF8-8DDD-3543F1AAAF70}.Release|Any CPU.Build.0 = Release|Any CPU
		{B2EA7485-4332-42D5-9308-8FF203508612}.Debug|Any CPU.ActiveCfg = Debug|Any CPU
		{B2EA7485-4332-42D5-9308-8FF203508612}.Debug|Any CPU.Build.0 = Debug|Any CPU
		{B2EA7485-4332-42D5-9308-8FF203508612}.Release|Any CPU.ActiveCfg = Release|Any CPU
		{B2EA7485-4332-42D5-9308-8FF203508612}.Release|Any CPU.Build.0 = Release|Any CPU
		{3D0A3512-6854-4DA8-9D63-CA64FB7F4A44}.Debug|Any CPU.ActiveCfg = Debug|Any CPU
		{3D0A3512-6854-4DA8-9D63-CA64FB7F4A44}.Debug|Any CPU.Build.0 = Debug|Any CPU
		{3D0A3512-6854-4DA8-9D63-CA64FB7F4A44}.Release|Any CPU.ActiveCfg = Release|Any CPU
		{3D0A3512-6854-4DA8-9D63-CA64FB7F4A44}.Release|Any CPU.Build.0 = Release|Any CPU
		{8CA563BE-B955-4EAC-BEBD-13C21BA737D3}.Debug|Any CPU.ActiveCfg = Debug|Any CPU
		{8CA563BE-B955-4EAC-BEBD-13C21BA737D3}.Debug|Any CPU.Build.0 = Debug|Any CPU
		{8CA563BE-B955-4EAC-BEBD-13C21BA737D3}.Release|Any CPU.ActiveCfg = Release|Any CPU
		{8CA563BE-B955-4EAC-BEBD-13C21BA737D3}.Release|Any CPU.Build.0 = Release|Any CPU
		{8540971F-7BA1-4718-A403-F7C50F9EF540}.Debug|Any CPU.ActiveCfg = Debug|Any CPU
		{8540971F-7BA1-4718-A403-F7C50F9EF540}.Debug|Any CPU.Build.0 = Debug|Any CPU
		{8540971F-7BA1-4718-A403-F7C50F9EF540}.Release|Any CPU.ActiveCfg = Release|Any CPU
		{8540971F-7BA1-4718-A403-F7C50F9EF540}.Release|Any CPU.Build.0 = Release|Any CPU
		{A0CA4FAA-3BF0-4169-A7CD-199ABAF512F7}.Debug|Any CPU.ActiveCfg = Debug|Any CPU
		{A0CA4FAA-3BF0-4169-A7CD-199ABAF512F7}.Debug|Any CPU.Build.0 = Debug|Any CPU
		{A0CA4FAA-3BF0-4169-A7CD-199ABAF512F7}.Release|Any CPU.ActiveCfg = Release|Any CPU
		{A0CA4FAA-3BF0-4169-A7CD-199ABAF512F7}.Release|Any CPU.Build.0 = Release|Any CPU
		{B3A4AEFE-F0B2-4A2E-A73F-94F66B1C07EF}.Debug|Any CPU.ActiveCfg = Debug|Any CPU
		{B3A4AEFE-F0B2-4A2E-A73F-94F66B1C07EF}.Debug|Any CPU.Build.0 = Debug|Any CPU
		{B3A4AEFE-F0B2-4A2E-A73F-94F66B1C07EF}.Release|Any CPU.ActiveCfg = Release|Any CPU
		{B3A4AEFE-F0B2-4A2E-A73F-94F66B1C07EF}.Release|Any CPU.Build.0 = Release|Any CPU
		{50D3A2A2-E04B-4153-8E78-C12F9E886AE5}.Debug|Any CPU.ActiveCfg = Debug|Any CPU
		{50D3A2A2-E04B-4153-8E78-C12F9E886AE5}.Debug|Any CPU.Build.0 = Debug|Any CPU
		{50D3A2A2-E04B-4153-8E78-C12F9E886AE5}.Release|Any CPU.ActiveCfg = Release|Any CPU
		{50D3A2A2-E04B-4153-8E78-C12F9E886AE5}.Release|Any CPU.Build.0 = Release|Any CPU
		{F930EFB0-3DA5-4B81-9C21-020BB19B5C72}.Debug|Any CPU.ActiveCfg = Debug|Any CPU
		{F930EFB0-3DA5-4B81-9C21-020BB19B5C72}.Debug|Any CPU.Build.0 = Debug|Any CPU
		{F930EFB0-3DA5-4B81-9C21-020BB19B5C72}.Release|Any CPU.ActiveCfg = Release|Any CPU
		{F930EFB0-3DA5-4B81-9C21-020BB19B5C72}.Release|Any CPU.Build.0 = Release|Any CPU
		{DE2179AB-61F6-4449-949B-9E4BC8F4B223}.Debug|Any CPU.ActiveCfg = Debug|Any CPU
		{DE2179AB-61F6-4449-949B-9E4BC8F4B223}.Debug|Any CPU.Build.0 = Debug|Any CPU
		{DE2179AB-61F6-4449-949B-9E4BC8F4B223}.Release|Any CPU.ActiveCfg = Release|Any CPU
		{DE2179AB-61F6-4449-949B-9E4BC8F4B223}.Release|Any CPU.Build.0 = Release|Any CPU
		{45A2D78A-1445-45FA-891A-D6142E1BBC73}.Debug|Any CPU.ActiveCfg = Debug|Any CPU
		{45A2D78A-1445-45FA-891A-D6142E1BBC73}.Debug|Any CPU.Build.0 = Debug|Any CPU
		{45A2D78A-1445-45FA-891A-D6142E1BBC73}.Release|Any CPU.ActiveCfg = Release|Any CPU
		{45A2D78A-1445-45FA-891A-D6142E1BBC73}.Release|Any CPU.Build.0 = Release|Any CPU
		{755B0D2C-C89C-48D8-9406-78D2AE91F996}.Debug|Any CPU.ActiveCfg = Debug|Any CPU
		{755B0D2C-C89C-48D8-9406-78D2AE91F996}.Debug|Any CPU.Build.0 = Debug|Any CPU
		{755B0D2C-C89C-48D8-9406-78D2AE91F996}.Release|Any CPU.ActiveCfg = Release|Any CPU
		{755B0D2C-C89C-48D8-9406-78D2AE91F996}.Release|Any CPU.Build.0 = Release|Any CPU
		{8439E8D3-BD9A-4EA3-A6D7-49A318CA8734}.Debug|Any CPU.ActiveCfg = Debug|Any CPU
		{8439E8D3-BD9A-4EA3-A6D7-49A318CA8734}.Debug|Any CPU.Build.0 = Debug|Any CPU
		{8439E8D3-BD9A-4EA3-A6D7-49A318CA8734}.Release|Any CPU.ActiveCfg = Release|Any CPU
		{8439E8D3-BD9A-4EA3-A6D7-49A318CA8734}.Release|Any CPU.Build.0 = Release|Any CPU
	EndGlobalSection
	GlobalSection(SolutionProperties) = preSolution
		HideSolutionNode = FALSE
	EndGlobalSection
	GlobalSection(NestedProjects) = preSolution
		{04A87F97-D26F-4A9F-B507-FAFBB1D358A0} = {84FDB76A-45A1-4E8F-A74C-7231A7EDE990}
		{E04ECEAF-F332-45CC-B5FB-26234628AE1F} = {04A87F97-D26F-4A9F-B507-FAFBB1D358A0}
		{1FDA3828-E02A-413E-AF5F-2CF2A20365CD} = {04A87F97-D26F-4A9F-B507-FAFBB1D358A0}
		{4CD9090F-2521-4328-A3A6-7AF09085E434} = {04A87F97-D26F-4A9F-B507-FAFBB1D358A0}
		{3CAD4F02-C02A-4E6E-A1B2-BB83D9B4D436} = {04A87F97-D26F-4A9F-B507-FAFBB1D358A0}
		{DF8393D3-ACB3-42FD-83DD-6572E0E4029D} = {04A87F97-D26F-4A9F-B507-FAFBB1D358A0}
		{A25A7722-D5F6-4534-91B2-902FC0D76788} = {84FDB76A-45A1-4E8F-A74C-7231A7EDE990}
		{E448404C-8AA9-431B-B350-6C7589CFB94D} = {A25A7722-D5F6-4534-91B2-902FC0D76788}
		{8BFC5E03-0EBC-4F84-A6F8-617D010C301B} = {A25A7722-D5F6-4534-91B2-902FC0D76788}
		{B1B80B9F-2C77-4C67-840D-5AC3B5483DA3} = {A25A7722-D5F6-4534-91B2-902FC0D76788}
		{A9025B44-219B-45F5-A70E-865A4DD33C20} = {A25A7722-D5F6-4534-91B2-902FC0D76788}
		{BDECFE4F-9437-4F25-9A64-665614507D2C} = {84FDB76A-45A1-4E8F-A74C-7231A7EDE990}
		{0A9F224E-DB4A-4A71-A3EF-63E0CF23E7CE} = {BDECFE4F-9437-4F25-9A64-665614507D2C}
		{8A996D12-C8B6-4D82-9E2D-C127CCB20A4E} = {BDECFE4F-9437-4F25-9A64-665614507D2C}
		{79A6411A-E92F-4577-B71B-094DD3B7FC54} = {BDECFE4F-9437-4F25-9A64-665614507D2C}
		{FF2AE025-8542-4F19-852B-7EC6142A2BC3} = {BDECFE4F-9437-4F25-9A64-665614507D2C}
		{FBB70B80-D48D-4BBB-95B2-B68305DAED80} = {84FDB76A-45A1-4E8F-A74C-7231A7EDE990}
		{7E541129-2F06-4D7B-AA71-7C6A55042843} = {FBB70B80-D48D-4BBB-95B2-B68305DAED80}
		{901C6417-188E-4879-8F35-9672DC7A6AC8} = {FBB70B80-D48D-4BBB-95B2-B68305DAED80}
		{2A1957B6-6E75-4A04-A5CC-6B4BB536D174} = {FBB70B80-D48D-4BBB-95B2-B68305DAED80}
		{42DCF451-BB5A-43B7-89EA-60F4302197BC} = {FBB70B80-D48D-4BBB-95B2-B68305DAED80}
		{D3924C04-0735-4842-BDAB-0460CECC9BB8} = {FBB70B80-D48D-4BBB-95B2-B68305DAED80}
		{81E930F3-3AA1-4BE3-B289-C2C7679D06CA} = {FBB70B80-D48D-4BBB-95B2-B68305DAED80}
		{75E966F0-50F9-480D-A6BE-3F9CD2ACB934} = {84FDB76A-45A1-4E8F-A74C-7231A7EDE990}
		{A936515C-750C-4D5A-AC81-FF28A24495A7} = {75E966F0-50F9-480D-A6BE-3F9CD2ACB934}
		{EA7D1B90-FE88-4BB3-9534-5AEBCBC1A76F} = {75E966F0-50F9-480D-A6BE-3F9CD2ACB934}
		{37A5C4C5-EB2E-4C29-962B-467BE4FFA4E4} = {75E966F0-50F9-480D-A6BE-3F9CD2ACB934}
		{7AF09D14-7B22-4F7E-9D8D-9F6BC1BEC211} = {75E966F0-50F9-480D-A6BE-3F9CD2ACB934}
		{C2D10D4F-E452-4561-A616-E58DD0B3BF53} = {75E966F0-50F9-480D-A6BE-3F9CD2ACB934}
		{8C93573F-6D19-4891-BB29-349A442BAB6F} = {099D37AC-B7AE-4652-8DFB-5011A160E9B1}
		{E7D4CFAE-5CC7-48EA-8AE8-34764F6A1615} = {8C93573F-6D19-4891-BB29-349A442BAB6F}
		{FC409EE9-DE37-41B5-82EE-D62D3F349FB1} = {8C93573F-6D19-4891-BB29-349A442BAB6F}
		{0686A192-836F-45BC-A87D-41DDB955BA3A} = {8C93573F-6D19-4891-BB29-349A442BAB6F}
		{A01AE834-9365-4FA9-ACB2-57E9FAC5AF6D} = {8C93573F-6D19-4891-BB29-349A442BAB6F}
		{AE7E3B2C-7E69-4B3A-8431-381A8273BA38} = {8C93573F-6D19-4891-BB29-349A442BAB6F}
		{E7EBFF61-E391-4318-9955-3D42F341BE53} = {099D37AC-B7AE-4652-8DFB-5011A160E9B1}
		{43802FCA-A3DD-47D0-B385-E1644CAF0AF8} = {E7EBFF61-E391-4318-9955-3D42F341BE53}
		{36E1A802-DD3C-4152-8465-6EC155E234D5} = {E7EBFF61-E391-4318-9955-3D42F341BE53}
		{20C45424-545D-45EB-89A5-E01B1BBCCB4A} = {E7EBFF61-E391-4318-9955-3D42F341BE53}
		{B6FE43C9-7E2E-4B0C-8A1C-D3EB015DADC7} = {E7EBFF61-E391-4318-9955-3D42F341BE53}
		{71015DEF-E4C8-4487-AA83-1BABF39B7A63} = {099D37AC-B7AE-4652-8DFB-5011A160E9B1}
		{C430EB37-5A42-41E0-BADD-2F4B543E1D1E} = {71015DEF-E4C8-4487-AA83-1BABF39B7A63}
		{FB16C920-0800-4EF8-8DDD-3543F1AAAF70} = {71015DEF-E4C8-4487-AA83-1BABF39B7A63}
		{B2EA7485-4332-42D5-9308-8FF203508612} = {71015DEF-E4C8-4487-AA83-1BABF39B7A63}
		{36DB2187-1680-444E-8C00-CB1229D09B81} = {099D37AC-B7AE-4652-8DFB-5011A160E9B1}
		{3D0A3512-6854-4DA8-9D63-CA64FB7F4A44} = {36DB2187-1680-444E-8C00-CB1229D09B81}
		{8CA563BE-B955-4EAC-BEBD-13C21BA737D3} = {36DB2187-1680-444E-8C00-CB1229D09B81}
		{8540971F-7BA1-4718-A403-F7C50F9EF540} = {36DB2187-1680-444E-8C00-CB1229D09B81}
		{A0CA4FAA-3BF0-4169-A7CD-199ABAF512F7} = {36DB2187-1680-444E-8C00-CB1229D09B81}
		{B3A4AEFE-F0B2-4A2E-A73F-94F66B1C07EF} = {36DB2187-1680-444E-8C00-CB1229D09B81}
		{50D3A2A2-E04B-4153-8E78-C12F9E886AE5} = {36DB2187-1680-444E-8C00-CB1229D09B81}
		{8AC78785-0BE0-4EAE-A95B-B737601A69B0} = {099D37AC-B7AE-4652-8DFB-5011A160E9B1}
		{F930EFB0-3DA5-4B81-9C21-020BB19B5C72} = {8AC78785-0BE0-4EAE-A95B-B737601A69B0}
		{DE2179AB-61F6-4449-949B-9E4BC8F4B223} = {8AC78785-0BE0-4EAE-A95B-B737601A69B0}
		{45A2D78A-1445-45FA-891A-D6142E1BBC73} = {8AC78785-0BE0-4EAE-A95B-B737601A69B0}
		{755B0D2C-C89C-48D8-9406-78D2AE91F996} = {8AC78785-0BE0-4EAE-A95B-B737601A69B0}
		{8439E8D3-BD9A-4EA3-A6D7-49A318CA8734} = {8AC78785-0BE0-4EAE-A95B-B737601A69B0}
	EndGlobalSection
	GlobalSection(ExtensibilityGlobals) = postSolution
		SolutionGuid = {7AD83BAB-2103-41BE-9DF0-C7F7BD3B9319}
	EndGlobalSection
EndGlobal
